<?xml version="1.0" encoding="utf-8"?>
<Project ToolsVersion="4.0" xmlns="http://schemas.microsoft.com/developer/msbuild/2003">
  <ItemGroup>
    <Filter Include="Source Files">
      <UniqueIdentifier>{9f1687e2-06db-4a24-bbbd-b531bf517484}</UniqueIdentifier>
      <Extensions>cpp;c;cxx;rc;def;r;odl;idl;hpj;bat</Extensions>
    </Filter>
    <Filter Include="Header Files">
      <UniqueIdentifier>{3a767320-c503-45b3-a09e-b41b86a1b49f}</UniqueIdentifier>
      <Extensions>h;hpp;hxx;hm;inl</Extensions>
    </Filter>
    <Filter Include="include">
      <UniqueIdentifier>{967c7a07-c394-424e-9f4b-0d80226f9f0b}</UniqueIdentifier>
    </Filter>
    <Filter Include="Resource Files">
      <UniqueIdentifier>{aca8b9cc-6848-4619-88e1-4f71f4c3e253}</UniqueIdentifier>
      <Extensions>ico;cur;bmp;dlg;rc2;rct;bin;rgs;gif;jpg;jpeg;jpe</Extensions>
    </Filter>
    <Filter Include="src">
      <UniqueIdentifier>{b0396b94-3c7a-456a-92dc-096cadc87476}</UniqueIdentifier>
    </Filter>
  </ItemGroup>
  <ItemGroup>
    <ClCompile Include="..\..\src\LSLog\LSLog.cpp">
      <Filter>Source Files</Filter>
    </ClCompile>
    <ClCompile Include="..\..\src\LSLog\StdAfx.cpp">
      <Filter>Source Files</Filter>
    </ClCompile>
    <ClCompile Include="..\..\src\LSLog\src\CLog.cpp">
      <Filter>src</Filter>
    </ClCompile>
  </ItemGroup>
  <ItemGroup>
    <ClInclude Include="..\..\src\LSLog\StdAfx.h">
      <Filter>Header Files</Filter>
    </ClInclude>
    <ClInclude Include="..\..\src\LSLog\include\CLog.h">
      <Filter>include</Filter>
    </ClInclude>
    <ClInclude Include="..\..\src\LSLog\include\LSLog.h">
      <Filter>include</Filter>
    </ClInclude>
    <ClInclude Include="..\..\src\LSLog\include\ConsoleTextColorDefine.h">
      <Filter>include</Filter>
    </ClInclude>
  </ItemGroup>
  <ItemGroup>
    <None Include="..\..\src\LSLog\ReadMe.txt" />
  </ItemGroup>
</Project>