
Microsoft Visual Studio Solution File, Format Version 11.00
# Visual Studio 2010
Project("{8BC9CEB8-8B4A-11D0-8D11-00A0C91BC942}") = "SVNPoster", "SVNPoster\SVNPoster.vcxproj", "{A02F1B9A-CDE6-4E57-B140-E12B90830F1B}"
EndProject
Global
	GlobalSection(SolutionConfigurationPlatforms) = preSolution
		Debug|Win32 = Debug|Win32
		Release|Win32 = Release|Win32
	EndGlobalSection
	GlobalSection(ProjectConfigurationPlatforms) = postSolution
		{A02F1B9A-CDE6-4E57-B140-E12B90830F1B}.Debug|Win32.ActiveCfg = Debug|Win32
		{A02F1B9A-CDE6-4E57-B140-E12B90830F1B}.Debug|Win32.Build.0 = Debug|Win32
		{A02F1B9A-CDE6-4E57-B140-E12B90830F1B}.Release|Win32.ActiveCfg = Release|Win32
		{A02F1B9A-CDE6-4E57-B140-E12B90830F1B}.Release|Win32.Build.0 = Release|Win32
	EndGlobalSection
	GlobalSection(SolutionProperties) = preSolution
		HideSolutionNode = FALSE
	EndGlobalSection
EndGlobal
