<?xml version="1.0" encoding="utf-8"?>
<Project ToolsVersion="4.0" xmlns="http://schemas.microsoft.com/developer/msbuild/2003">
  <ItemGroup>
    <Filter Include="Interface">
      <UniqueIdentifier>{7aec73e0-e0c5-44e8-9610-8e6e59a20bab}</UniqueIdentifier>
    </Filter>
    <Filter Include="Implementation">
      <UniqueIdentifier>{94137a64-95dd-4913-8190-93294f186a32}</UniqueIdentifier>
    </Filter>
  </ItemGroup>
  <ItemGroup>
    <ClInclude Include="Implementation\ControlSite.h">
      <Filter>Implementation</Filter>
    </ClInclude>
    <ClInclude Include="Implementation\FlashDX.h">
      <Filter>Implementation</Filter>
    </ClInclude>
    <ClInclude Include="Implementation\FlashDXPlayer.h">
      <Filter>Implementation</Filter>
    </ClInclude>
    <ClInclude Include="Implementation\FlashOCXInterface.h">
      <Filter>Implementation</Filter>
    </ClInclude>
    <ClInclude Include="Implementation\FlashSink.h">
      <Filter>Implementation</Filter>
    </ClInclude>
    <ClInclude Include="stdafx.h" />
    <ClInclude Include="targetver.h" />
    <ClInclude Include="Include\ASInterface.h">
      <Filter>Interface</Filter>
    </ClInclude>
    <ClInclude Include="Include\IFlashDX.h">
      <Filter>Interface</Filter>
    </ClInclude>
  </ItemGroup>
  <ItemGroup>
    <ClCompile Include="Implementation\ControlSite.cpp">
      <Filter>Implementation</Filter>
    </ClCompile>
    <ClCompile Include="Implementation\FlashDX.cpp">
      <Filter>Implementation</Filter>
    </ClCompile>
    <ClCompile Include="Implementation\FlashDXPlayer.cpp">
      <Filter>Implementation</Filter>
    </ClCompile>
    <ClCompile Include="Implementation\FlashSink.cpp">
      <Filter>Implementation</Filter>
    </ClCompile>
    <ClCompile Include="stdafx.cpp" />
  </ItemGroup>
  <ItemGroup>
    <None Include="Include\ASInterface.inl">
      <Filter>Interface</Filter>
    </None>
  </ItemGroup>
</Project>