
Microsoft Visual Studio Solution File, Format Version 11.00
# Visual Studio 2010
Project("{8BC9CEB8-8B4A-11D0-8D11-00A0C91BC942}") = "Log", "projects\Log.vcxproj", "{ED0B947B-1C97-4ED3-9A09-D3824F3C1AD0}"
EndProject
Global
	GlobalSection(SolutionConfigurationPlatforms) = preSolution
		Debug|Win32 = Debug|Win32
		Release_MD|Win32 = Release_MD|Win32
		Release|Win32 = Release|Win32
	EndGlobalSection
	GlobalSection(ProjectConfigurationPlatforms) = postSolution
		{ED0B947B-1C97-4ED3-9A09-D3824F3C1AD0}.Debug|Win32.ActiveCfg = Debug|Win32
		{ED0B947B-1C97-4ED3-9A09-D3824F3C1AD0}.Debug|Win32.Build.0 = Debug|Win32
		{ED0B947B-1C97-4ED3-9A09-D3824F3C1AD0}.Release_MD|Win32.ActiveCfg = Release_MD|Win32
		{ED0B947B-1C97-4ED3-9A09-D3824F3C1AD0}.Release_MD|Win32.Build.0 = Release_MD|Win32
		{ED0B947B-1C97-4ED3-9A09-D3824F3C1AD0}.Release|Win32.ActiveCfg = Release|Win32
		{ED0B947B-1C97-4ED3-9A09-D3824F3C1AD0}.Release|Win32.Build.0 = Release|Win32
	EndGlobalSection
	GlobalSection(SolutionProperties) = preSolution
		HideSolutionNode = FALSE
	EndGlobalSection
EndGlobal
